
Microsoft Visual Studio Solution File, Format Version 12.00
# Visual Studio Version 17
VisualStudioVersion = 17.4.33213.308
MinimumVisualStudioVersion = 10.0.40219.1
Project("{FAE04EC0-301F-11D3-BF4B-00C04F79EFBC}") = "HKPF.Workflow", "CRM.Workflows\HKPF.Workflow.csproj", "{BF66324D-26BD-4875-A4F9-9074760CA7BC}"
EndProject
Global
	GlobalSection(SolutionConfigurationPlatforms) = preSolution
		Debug|Any CPU = Debug|Any CPU
		Release|Any CPU = Release|Any CPU
	EndGlobalSection
	GlobalSection(ProjectConfigurationPlatforms) = postSolution
		{BF66324D-26BD-4875-A4F9-9074760CA7BC}.Debug|Any CPU.ActiveCfg = Debug|Any CPU
		{BF66324D-26BD-4875-A4F9-9074760CA7BC}.Debug|Any CPU.Build.0 = Debug|Any CPU
		{BF66324D-26BD-4875-A4F9-9074760CA7BC}.Release|Any CPU.ActiveCfg = Release|Any CPU
		{BF66324D-26BD-4875-A4F9-9074760CA7BC}.Release|Any CPU.Build.0 = Release|Any CPU
	EndGlobalSection
	GlobalSection(SolutionProperties) = preSolution
		HideSolutionNode = FALSE
	EndGlobalSection
	GlobalSection(ExtensibilityGlobals) = postSolution
		SolutionGuid = {75E9B7F6-AA91-401E-AA0F-6C2AC30DFAB0}
	EndGlobalSection
EndGlobal
